Microsoft Visual Studio Solution File, Format Version 12.00
# Visual Studio 15
VisualStudioVersion = 15.0.28307.271
MinimumVisualStudioVersion = 10.0.40219.1
Project("{FAE04EC0-301F-11D3-BF4B-00C04F79EFBC}") = "AntiTelemarketer.Android", "AntiTelemarketer.Android\AntiTelemarketer.Android.csproj", "{348858D0-1A8A-4239-B482-D8B84A723D8B}"
EndProject
Project("{9A19103F-16F7-4668-BE54-9A1E7A4F7556}") = "AntiTelemarketer", "AntiTelemarketer\AntiTelemarketer.csproj", "{4AEA492D-2F0B-4D36-8E7F-A9DECF29C9CC}"
EndProject
Global
	GlobalSection(SolutionConfigurationPlatforms) = preSolution
		Ad-Hoc|Any CPU = Ad-Hoc|Any CPU
		Ad-Hoc|iPhone = Ad-Hoc|iPhone
		Ad-Hoc|iPhoneSimulator = Ad-Hoc|iPhoneSimulator
		AppStore|Any CPU = AppStore|Any CPU
		AppStore|iPhone = AppStore|iPhone
		AppStore|iPhoneSimulator = AppStore|iPhoneSimulator
		Debug|Any CPU = Debug|Any CPU
		Debug|iPhone = Debug|iPhone
		Debug|iPhoneSimulator = Debug|iPhoneSimulator
		Release|Any CPU = Release|Any CPU
		Release|iPhone = Release|iPhone
		Release|iPhoneSimulator = Release|iPhoneSimulator
	EndGlobalSection
	GlobalSection(ProjectConfigurationPlatforms) = postSolution
		{348858D0-1A8A-4239-B482-D8B84A723D8B}.Ad-Hoc|Any CPU.ActiveCfg = Release|Any CPU
		{348858D0-1A8A-4239-B482-D8B84A723D8B}.Ad-Hoc|Any CPU.Build.0 = Release|Any CPU
		{348858D0-1A8A-4239-B482-D8B84A723D8B}.Ad-Hoc|Any CPU.Deploy.0 = Release|Any CPU
		{348858D0-1A8A-4239-B482-D8B84A723D8B}.Ad-Hoc|iPhone.ActiveCfg = Debug|Any CPU
		{348858D0-1A8A-4239-B482-D8B84A723D8B}.Ad-Hoc|iPhone.Build.0 = Debug|Any CPU
		{348858D0-1A8A-4239-B482-D8B84A723D8B}.Ad-Hoc|iPhoneSimulator.ActiveCfg = Release|Any CPU
		{348858D0-1A8A-4239-B482-D8B84A723D8B}.Ad-Hoc|iPhoneSimulator.Build.0 = Release|Any CPU
		{348858D0-1A8A-4239-B482-D8B84A723D8B}.Ad-Hoc|iPhoneSimulator.Deploy.0 = Release|Any CPU
		{348858D0-1A8A-4239-B482-D8B84A723D8B}.AppStore|Any CPU.ActiveCfg = Release|Any CPU
		{348858D0-1A8A-4239-B482-D8B84A723D8B}.AppStore|Any CPU.Build.0 = Release|Any CPU
		{348858D0-1A8A-4239-B482-D8B84A723D8B}.AppStore|Any CPU.Deploy.0 = Release|Any CPU
		{348858D0-1A8A-4239-B482-D8B84A723D8B}.AppStore|iPhone.ActiveCfg = Debug|Any CPU
		{348858D0-1A8A-4239-B482-D8B84A723D8B}.AppStore|iPhone.Build.0 = Debug|Any CPU
		{348858D0-1A8A-4239-B482-D8B84A723D8B}.AppStore|iPhoneSimulator.ActiveCfg = Release|Any CPU
		{348858D0-1A8A-4239-B482-D8B84A723D8B}.AppStore|iPhoneSimulator.Build.0 = Release|Any CPU
		{348858D0-1A8A-4239-B482-D8B84A723D8B}.AppStore|iPhoneSimulator.Deploy.0 = Release|Any CPU
		{348858D0-1A8A-4239-B482-D8B84A723D8B}.Debug|Any CPU.ActiveCfg = Debug|Any CPU
		{348858D0-1A8A-4239-B482-D8B84A723D8B}.Debug|Any CPU.Build.0 = Debug|Any CPU
		{348858D0-1A8A-4239-B482-D8B84A723D8B}.Debug|Any CPU.Deploy.0 = Debug|Any CPU
		{348858D0-1A8A-4239-B482-D8B84A723D8B}.Debug|iPhone.ActiveCfg = Debug|Any CPU
		{348858D0-1A8A-4239-B482-D8B84A723D8B}.Debug|iPhone.Build.0 = Debug|Any CPU
		{348858D0-1A8A-4239-B482-D8B84A723D8B}.Debug|iPhoneSimulator.ActiveCfg = Debug|Any CPU
		{348858D0-1A8A-4239-B482-D8B84A723D8B}.Debug|iPhoneSimulator.Build.0 = Debug|Any CPU
		{348858D0-1A8A-4239-B482-D8B84A723D8B}.Release|Any CPU.ActiveCfg = Release|Any CPU
		{348858D0-1A8A-4239-B482-D8B84A723D8B}.Release|Any CPU.Build.0 = Release|Any CPU
		{348858D0-1A8A-4239-B482-D8B84A723D8B}.Release|iPhone.ActiveCfg = Release|Any CPU
		{348858D0-1A8A-4239-B482-D8B84A723D8B}.Release|iPhone.Build.0 = Release|Any CPU
		{348858D0-1A8A-4239-B482-D8B84A723D8B}.Release|iPhoneSimulator.ActiveCfg = Release|Any CPU
		{348858D0-1A8A-4239-B482-D8B84A723D8B}.Release|iPhoneSimulator.Build.0 = Release|Any CPU
		{4AEA492D-2F0B-4D36-8E7F-A9DECF29C9CC}.Ad-Hoc|Any CPU.ActiveCfg = Release|Any CPU
		{4AEA492D-2F0B-4D36-8E7F-A9DECF29C9CC}.Ad-Hoc|Any CPU.Build.0 = Release|Any CPU
		{4AEA492D-2F0B-4D36-8E7F-A9DECF29C9CC}.Ad-Hoc|iPhone.ActiveCfg = Debug|Any CPU
		{4AEA492D-2F0B-4D36-8E7F-A9DECF29C9CC}.Ad-Hoc|iPhone.Build.0 = Debug|Any CPU
		{4AEA492D-2F0B-4D36-8E7F-A9DECF29C9CC}.Ad-Hoc|iPhoneSimulator.ActiveCfg = Release|Any CPU
		{4AEA492D-2F0B-4D36-8E7F-A9DECF29C9CC}.Ad-Hoc|iPhoneSimulator.Build.0 = Release|Any CPU
		{4AEA492D-2F0B-4D36-8E7F-A9DECF29C9CC}.AppStore|Any CPU.ActiveCfg = Release|Any CPU
		{4AEA492D-2F0B-4D36-8E7F-A9DECF29C9CC}.AppStore|Any CPU.Build.0 = Release|Any CPU
		{4AEA492D-2F0B-4D36-8E7F-A9DECF29C9CC}.AppStore|iPhone.ActiveCfg = Debug|Any CPU
		{4AEA492D-2F0B-4D36-8E7F-A9DECF29C9CC}.AppStore|iPhone.Build.0 = Debug|Any CPU
		{4AEA492D-2F0B-4D36-8E7F-A9DECF29C9CC}.AppStore|iPhoneSimulator.ActiveCfg = Release|Any CPU
		{4AEA492D-2F0B-4D36-8E7F-A9DECF29C9CC}.AppStore|iPhoneSimulator.Build.0 = Release|Any CPU
		{4AEA492D-2F0B-4D36-8E7F-A9DECF29C9CC}.Debug|Any CPU.ActiveCfg = Debug|Any CPU
		{4AEA492D-2F0B-4D36-8E7F-A9DECF29C9CC}.Debug|Any CPU.Build.0 = Debug|Any CPU
		{4AEA492D-2F0B-4D36-8E7F-A9DECF29C9CC}.Debug|iPhone.ActiveCfg = Debug|Any CPU
		{4AEA492D-2F0B-4D36-8E7F-A9DECF29C9CC}.Debug|iPhone.Build.0 = Debug|Any CPU
		{4AEA492D-2F0B-4D36-8E7F-A9DECF29C9CC}.Debug|iPhoneSimulator.ActiveCfg = Debug|Any CPU
		{4AEA492D-2F0B-4D36-8E7F-A9DECF29C9CC}.Debug|iPhoneSimulator.Build.0 = Debug|Any CPU
		{4AEA492D-2F0B-4D36-8E7F-A9DECF29C9CC}.Release|Any CPU.ActiveCfg = Release|Any CPU
		{4AEA492D-2F0B-4D36-8E7F-A9DECF29C9CC}.Release|Any CPU.Build.0 = Release|Any CPU
		{4AEA492D-2F0B-4D36-8E7F-A9DECF29C9CC}.Release|iPhone.ActiveCfg = Release|Any CPU
		{4AEA492D-2F0B-4D36-8E7F-A9DECF29C9CC}.Release|iPhone.Build.0 = Release|Any CPU
		{4AEA492D-2F0B-4D36-8E7F-A9DECF29C9CC}.Release|iPhoneSimulator.ActiveCfg = Release|Any CPU
		{4AEA492D-2F0B-4D36-8E7F-A9DECF29C9CC}.Release|iPhoneSimulator.Build.0 = Release|Any CPU
	EndGlobalSection
	GlobalSection(SolutionProperties) = preSolution
		HideSolutionNode = FALSE
	EndGlobalSection
	GlobalSection(ExtensibilityGlobals) = postSolution
		SolutionGuid = {DC913AB5-D4C8-40D5-BC30-9AC9BB7F6DC7}
	EndGlobalSection
EndGlobal
